// !$*UTF8*$!
{
	archiveVersion = 1;
	classes = {
	};
	objectVersion = 46;
	objects = {

/* Begin PBXBuildFile section */
		AA2C0D231B39692B007281B9 /* RoundView.xib in Resources */ = {isa = PBXBuildFile; fileRef = AA2C0D221B39692B007281B9 /* RoundView.xib */; };
		AA2FD14C1B317E020000479C /* GhostEgg.swift in Sources */ = {isa = PBXBuildFile; fileRef = AA2FD14A1B317E020000479C /* GhostEgg.swift */; };
		AA2FD14D1B317E020000479C /* GhostEgg.xib in Resources */ = {isa = PBXBuildFile; fileRef = AA2FD14B1B317E020000479C /* GhostEgg.xib */; };
		AA2FD1581B3192BB0000479C /* EggTableViewCell.swift in Sources */ = {isa = PBXBuildFile; fileRef = AA2FD1561B3192BB0000479C /* EggTableViewCell.swift */; };
		AA2FD1591B3192BB0000479C /* EggTableViewCell.xib in Resources */ = {isa = PBXBuildFile; fileRef = AA2FD1571B3192BB0000479C /* EggTableViewCell.xib */; };
		AA2FD15B1B3193B60000479C /* EggTableViewController.swift in Sources */ = {isa = PBXBuildFile; fileRef = AA2FD15A1B3193B60000479C /* EggTableViewController.swift */; };
		AA2FD15D1B3193CE0000479C /* MainViewController.swift in Sources */ = {isa = PBXBuildFile; fileRef = AA2FD15C1B3193CE0000479C /* MainViewController.swift */; };
		AA2FD16B1B32B40A0000479C /* OBDragDropManager.m in Sources */ = {isa = PBXBuildFile; fileRef = AA2FD1631B32B40A0000479C /* OBDragDropManager.m */; };
		AA2FD16C1B32B40A0000479C /* OBLongPressDragDropGestureRecognizer.m in Sources */ = {isa = PBXBuildFile; fileRef = AA2FD1661B32B40A0000479C /* OBLongPressDragDropGestureRecognizer.m */; };
		AA2FD16D1B32B40A0000479C /* UIGestureRecognizer+OBDragDrop.m in Sources */ = {isa = PBXBuildFile; fileRef = AA2FD1681B32B40A0000479C /* UIGestureRecognizer+OBDragDrop.m */; };
		AA2FD16E1B32B40A0000479C /* UIView+OBDropZone.m in Sources */ = {isa = PBXBuildFile; fileRef = AA2FD16A1B32B40A0000479C /* UIView+OBDropZone.m */; };
		AA63B4C51B38132E0064C2D5 /* RoundViewTrash.swift in Sources */ = {isa = PBXBuildFile; fileRef = AA63B4C41B38132E0064C2D5 /* RoundViewTrash.swift */; };
		AA63B4CB1B38520A0064C2D5 /* RoundViewEgg.xib in Resources */ = {isa = PBXBuildFile; fileRef = AA63B4CA1B38520A0064C2D5 /* RoundViewEgg.xib */; };
		AA63B4CD1B3852CD0064C2D5 /* RoundViewNest.xib in Resources */ = {isa = PBXBuildFile; fileRef = AA63B4CC1B3852CD0064C2D5 /* RoundViewNest.xib */; };
		AA63B4CF1B3852DC0064C2D5 /* RoundViewTrash.xib in Resources */ = {isa = PBXBuildFile; fileRef = AA63B4CE1B3852DC0064C2D5 /* RoundViewTrash.xib */; };
		AA9387191B2AF15200B353EB /* AppDelegate.swift in Sources */ = {isa = PBXBuildFile; fileRef = AA9387181B2AF15200B353EB /* AppDelegate.swift */; };
		AA93871C1B2AF15200B353EB /* TSDragAndDrop.xcdatamodeld in Sources */ = {isa = PBXBuildFile; fileRef = AA93871A1B2AF15200B353EB /* TSDragAndDrop.xcdatamodeld */; };
		AA93871E1B2AF15200B353EB /* ViewController.swift in Sources */ = {isa = PBXBuildFile; fileRef = AA93871D1B2AF15200B353EB /* ViewController.swift */; };
		AA9387211B2AF15200B353EB /* Main.storyboard in Resources */ = {isa = PBXBuildFile; fileRef = AA93871F1B2AF15200B353EB /* Main.storyboard */; };
		AA9387231B2AF15200B353EB /* Images.xcassets in Resources */ = {isa = PBXBuildFile; fileRef = AA9387221B2AF15200B353EB /* Images.xcassets */; };
		AA9387261B2AF15200B353EB /* LaunchScreen.xib in Resources */ = {isa = PBXBuildFile; fileRef = AA9387241B2AF15200B353EB /* LaunchScreen.xib */; };
		AA9387321B2AF15200B353EB /* TSDragAndDropTests.swift in Sources */ = {isa = PBXBuildFile; fileRef = AA9387311B2AF15200B353EB /* TSDragAndDropTests.swift */; };
		AA93873C1B2AF17200B353EB /* RoundView.swift in Sources */ = {isa = PBXBuildFile; fileRef = AA93873B1B2AF17200B353EB /* RoundView.swift */; };
		AA93873E1B2EC18800B353EB /* Notifications.swift in Sources */ = {isa = PBXBuildFile; fileRef = AA93873D1B2EC18800B353EB /* Notifications.swift */; };
		AA9387401B2EC84400B353EB /* Extensions.swift in Sources */ = {isa = PBXBuildFile; fileRef = AA93873F1B2EC84400B353EB /* Extensions.swift */; };
		AA9387421B2EF66900B353EB /* RoundViewNest.swift in Sources */ = {isa = PBXBuildFile; fileRef = AA9387411B2EF66900B353EB /* RoundViewNest.swift */; };
		AA9387441B2EF6F400B353EB /* RoundViewEgg.swift in Sources */ = {isa = PBXBuildFile; fileRef = AA9387431B2EF6F400B353EB /* RoundViewEgg.swift */; };
		AA9387461B302B5D00B353EB /* Utils.swift in Sources */ = {isa = PBXBuildFile; fileRef = AA9387451B302B5D00B353EB /* Utils.swift */; };
/* End PBXBuildFile section */

/* Begin PBXContainerItemProxy section */
		AA93872C1B2AF15200B353EB /* PBXContainerItemProxy */ = {
			isa = PBXContainerItemProxy;
			containerPortal = AA93870B1B2AF15200B353EB /* Project object */;
			proxyType = 1;
			remoteGlobalIDString = AA9387121B2AF15200B353EB;
			remoteInfo = TSDragAndDrop;
		};
/* End PBXContainerItemProxy section */

/* Begin PBXCopyFilesBuildPhase section */
		AA63B5201B39565B0064C2D5 /* Embed Frameworks */ = {
			isa = PBXCopyFilesBuildPhase;
			buildActionMask = 2147483647;
			dstPath = "";
			dstSubfolderSpec = 10;
			files = (
			);
			name = "Embed Frameworks";
			runOnlyForDeploymentPostprocessing = 0;
		};
/* End PBXCopyFilesBuildPhase section */

/* Begin PBXFileReference section */
		AA2C0D221B39692B007281B9 /* RoundView.xib */ = {isa = PBXFileReference; fileEncoding = 4; lastKnownFileType = file.xib; path = RoundView.xib; sourceTree = "<group>"; };
		AA2FD14A1B317E020000479C /* GhostEgg.swift */ = {isa = PBXFileReference; fileEncoding = 4; lastKnownFileType = sourcecode.swift; path = GhostEgg.swift; sourceTree = "<group>"; };
		AA2FD14B1B317E020000479C /* GhostEgg.xib */ = {isa = PBXFileReference; fileEncoding = 4; lastKnownFileType = file.xib; path = GhostEgg.xib; sourceTree = "<group>"; };
		AA2FD1561B3192BB0000479C /* EggTableViewCell.swift */ = {isa = PBXFileReference; fileEncoding = 4; lastKnownFileType = sourcecode.swift; path = EggTableViewCell.swift; sourceTree = "<group>"; };
		AA2FD1571B3192BB0000479C /* EggTableViewCell.xib */ = {isa = PBXFileReference; fileEncoding = 4; lastKnownFileType = file.xib; path = EggTableViewCell.xib; sourceTree = "<group>"; };
		AA2FD15A1B3193B60000479C /* EggTableViewController.swift */ = {isa = PBXFileReference; fileEncoding = 4; lastKnownFileType = sourcecode.swift; path = EggTableViewController.swift; sourceTree = "<group>"; };
		AA2FD15C1B3193CE0000479C /* MainViewController.swift */ = {isa = PBXFileReference; fileEncoding = 4; lastKnownFileType = sourcecode.swift; path = MainViewController.swift; sourceTree = "<group>"; };
		AA2FD1611B32B40A0000479C /* OBDragDrop.h */ = {isa = PBXFileReference; fileEncoding = 4; lastKnownFileType = sourcecode.c.h; name = OBDragDrop.h; path = Classes/OBDragDrop.h; sourceTree = "<group>"; };
		AA2FD1621B32B40A0000479C /* OBDragDropManager.h */ = {isa = PBXFileReference; fileEncoding = 4; lastKnownFileType = sourcecode.c.h; name = OBDragDropManager.h; path = Classes/OBDragDropManager.h; sourceTree = "<group>"; };
		AA2FD1631B32B40A0000479C /* OBDragDropManager.m */ = {isa = PBXFileReference; fileEncoding = 4; lastKnownFileType = sourcecode.c.objc; name = OBDragDropManager.m; path = Classes/OBDragDropManager.m; sourceTree = "<group>"; };
		AA2FD1641B32B40A0000479C /* OBDragDropProtocol.h */ = {isa = PBXFileReference; fileEncoding = 4; lastKnownFileType = sourcecode.c.h; name = OBDragDropProtocol.h; path = Classes/OBDragDropProtocol.h; sourceTree = "<group>"; };
		AA2FD1651B32B40A0000479C /* OBLongPressDragDropGestureRecognizer.h */ = {isa = PBXFileReference; fileEncoding = 4; lastKnownFileType = sourcecode.c.h; name = OBLongPressDragDropGestureRecognizer.h; path = Classes/OBLongPressDragDropGestureRecognizer.h; sourceTree = "<group>"; };
		AA2FD1661B32B40A0000479C /* OBLongPressDragDropGestureRecognizer.m */ = {isa = PBXFileReference; fileEncoding = 4; lastKnownFileType = sourcecode.c.objc; name = OBLongPressDragDropGestureRecognizer.m; path = Classes/OBLongPressDragDropGestureRecognizer.m; sourceTree = "<group>"; };
		AA2FD1671B32B40A0000479C /* UIGestureRecognizer+OBDragDrop.h */ = {isa = PBXFileReference; fileEncoding = 4; lastKnownFileType = sourcecode.c.h; name = "UIGestureRecognizer+OBDragDrop.h"; path = "Classes/UIGestureRecognizer+OBDragDrop.h"; sourceTree = "<group>"; };
		AA2FD1681B32B40A0000479C /* UIGestureRecognizer+OBDragDrop.m */ = {isa = PBXFileReference; fileEncoding = 4; lastKnownFileType = sourcecode.c.objc; name = "UIGestureRecognizer+OBDragDrop.m"; path = "Classes/UIGestureRecognizer+OBDragDrop.m"; sourceTree = "<group>"; };
		AA2FD1691B32B40A0000479C /* UIView+OBDropZone.h */ = {isa = PBXFileReference; fileEncoding = 4; lastKnownFileType = sourcecode.c.h; name = "UIView+OBDropZone.h"; path = "Classes/UIView+OBDropZone.h"; sourceTree = "<group>"; };
		AA2FD16A1B32B40A0000479C /* UIView+OBDropZone.m */ = {isa = PBXFileReference; fileEncoding = 4; lastKnownFileType = sourcecode.c.objc; name = "UIView+OBDropZone.m"; path = "Classes/UIView+OBDropZone.m"; sourceTree = "<group>"; };
		AA63B4C41B38132E0064C2D5 /* RoundViewTrash.swift */ = {isa = PBXFileReference; fileEncoding = 4; lastKnownFileType = sourcecode.swift; path = RoundViewTrash.swift; sourceTree = "<group>"; };
		AA63B4CA1B38520A0064C2D5 /* RoundViewEgg.xib */ = {isa = PBXFileReference; fileEncoding = 4; lastKnownFileType = file.xib; path = RoundViewEgg.xib; sourceTree = "<group>"; };
		AA63B4CC1B3852CD0064C2D5 /* RoundViewNest.xib */ = {isa = PBXFileReference; fileEncoding = 4; lastKnownFileType = file.xib; path = RoundViewNest.xib; sourceTree = "<group>"; };
		AA63B4CE1B3852DC0064C2D5 /* RoundViewTrash.xib */ = {isa = PBXFileReference; fileEncoding = 4; lastKnownFileType = file.xib; path = RoundViewTrash.xib; sourceTree = "<group>"; };
		AA9387131B2AF15200B353EB /* TSDragAndDrop.app */ = {isa = PBXFileReference; explicitFileType = wrapper.application; includeInIndex = 0; path = TSDragAndDrop.app; sourceTree = BUILT_PRODUCTS_DIR; };
		AA9387171B2AF15200B353EB /* Info.plist */ = {isa = PBXFileReference; lastKnownFileType = text.plist.xml; path = Info.plist; sourceTree = "<group>"; };
		AA9387181B2AF15200B353EB /* AppDelegate.swift */ = {isa = PBXFileReference; lastKnownFileType = sourcecode.swift; path = AppDelegate.swift; sourceTree = "<group>"; };
		AA93871B1B2AF15200B353EB /* TSDragAndDrop.xcdatamodel */ = {isa = PBXFileReference; lastKnownFileType = wrapper.xcdatamodel; path = TSDragAndDrop.xcdatamodel; sourceTree = "<group>"; };
		AA93871D1B2AF15200B353EB /* ViewController.swift */ = {isa = PBXFileReference; lastKnownFileType = sourcecode.swift; path = ViewController.swift; sourceTree = "<group>"; };
		AA9387201B2AF15200B353EB /* Base */ = {isa = PBXFileReference; lastKnownFileType = file.storyboard; name = Base; path = Base.lproj/Main.storyboard; sourceTree = "<group>"; };
		AA9387221B2AF15200B353EB /* Images.xcassets */ = {isa = PBXFileReference; lastKnownFileType = folder.assetcatalog; path = Images.xcassets; sourceTree = "<group>"; };
		AA9387251B2AF15200B353EB /* Base */ = {isa = PBXFileReference; lastKnownFileType = file.xib; name = Base; path = Base.lproj/LaunchScreen.xib; sourceTree = "<group>"; };
		AA93872B1B2AF15200B353EB /* TSDragAndDropTests.xctest */ = {isa = PBXFileReference; explicitFileType = wrapper.cfbundle; includeInIndex = 0; path = TSDragAndDropTests.xctest; sourceTree = BUILT_PRODUCTS_DIR; };
		AA9387301B2AF15200B353EB /* Info.plist */ = {isa = PBXFileReference; lastKnownFileType = text.plist.xml; path = Info.plist; sourceTree = "<group>"; };
		AA9387311B2AF15200B353EB /* TSDragAndDropTests.swift */ = {isa = PBXFileReference; lastKnownFileType = sourcecode.swift; path = TSDragAndDropTests.swift; sourceTree = "<group>"; };
		AA93873B1B2AF17200B353EB /* RoundView.swift */ = {isa = PBXFileReference; fileEncoding = 4; lastKnownFileType = sourcecode.swift; path = RoundView.swift; sourceTree = "<group>"; };
		AA93873D1B2EC18800B353EB /* Notifications.swift */ = {isa = PBXFileReference; fileEncoding = 4; lastKnownFileType = sourcecode.swift; path = Notifications.swift; sourceTree = "<group>"; };
		AA93873F1B2EC84400B353EB /* Extensions.swift */ = {isa = PBXFileReference; fileEncoding = 4; lastKnownFileType = sourcecode.swift; path = Extensions.swift; sourceTree = "<group>"; };
		AA9387411B2EF66900B353EB /* RoundViewNest.swift */ = {isa = PBXFileReference; fileEncoding = 4; lastKnownFileType = sourcecode.swift; path = RoundViewNest.swift; sourceTree = "<group>"; };
		AA9387431B2EF6F400B353EB /* RoundViewEgg.swift */ = {isa = PBXFileReference; fileEncoding = 4; lastKnownFileType = sourcecode.swift; path = RoundViewEgg.swift; sourceTree = "<group>"; };
		AA9387451B302B5D00B353EB /* Utils.swift */ = {isa = PBXFileReference; fileEncoding = 4; lastKnownFileType = sourcecode.swift; path = Utils.swift; sourceTree = "<group>"; };
		AA93874C1B31773D00B353EB /* TSDragAndDrop-Bridging-Header.h */ = {isa = PBXFileReference; lastKnownFileType = sourcecode.c.h; path = "TSDragAndDrop-Bridging-Header.h"; sourceTree = "<group>"; };
/* End PBXFileReference section */

/* Begin PBXFrameworksBuildPhase section */
		AA9387101B2AF15200B353EB /* Frameworks */ = {
			isa = PBXFrameworksBuildPhase;
			buildActionMask = 2147483647;
			files = (
			);
			runOnlyForDeploymentPostprocessing = 0;
		};
		AA9387281B2AF15200B353EB /* Frameworks */ = {
			isa = PBXFrameworksBuildPhase;
			buildActionMask = 2147483647;
			files = (
			);
			runOnlyForDeploymentPostprocessing = 0;
		};
/* End PBXFrameworksBuildPhase section */

/* Begin PBXGroup section */
		AA2FD1521B3191BE0000479C /* Views */ = {
			isa = PBXGroup;
			children = (
				AA9387471B3041B900B353EB /* RoundView */,
				AA2FD1551B3192640000479C /* EggTableViewCell */,
				AA9387241B2AF15200B353EB /* LaunchScreen.xib */,
				AA93871F1B2AF15200B353EB /* Main.storyboard */,
			);
			name = Views;
			sourceTree = "<group>";
		};
		AA2FD1531B3191C50000479C /* Controllers */ = {
			isa = PBXGroup;
			children = (
				AA93871D1B2AF15200B353EB /* ViewController.swift */,
				AA2FD15A1B3193B60000479C /* EggTableViewController.swift */,
				AA2FD15C1B3193CE0000479C /* MainViewController.swift */,
			);
			name = Controllers;
			sourceTree = "<group>";
		};
		AA2FD1541B3191F40000479C /* Other */ = {
			isa = PBXGroup;
			children = (
				AA93873D1B2EC18800B353EB /* Notifications.swift */,
				AA93873F1B2EC84400B353EB /* Extensions.swift */,
				AA9387451B302B5D00B353EB /* Utils.swift */,
			);
			name = Other;
			sourceTree = "<group>";
		};
		AA2FD1551B3192640000479C /* EggTableViewCell */ = {
			isa = PBXGroup;
			children = (
				AA2FD1561B3192BB0000479C /* EggTableViewCell.swift */,
				AA2FD1571B3192BB0000479C /* EggTableViewCell.xib */,
			);
			name = EggTableViewCell;
			sourceTree = "<group>";
		};
		AA2FD1601B32B3FA0000479C /* OBDragDrop */ = {
			isa = PBXGroup;
			children = (
				AA2FD1611B32B40A0000479C /* OBDragDrop.h */,
				AA2FD1621B32B40A0000479C /* OBDragDropManager.h */,
				AA2FD1631B32B40A0000479C /* OBDragDropManager.m */,
				AA2FD1641B32B40A0000479C /* OBDragDropProtocol.h */,
				AA2FD1651B32B40A0000479C /* OBLongPressDragDropGestureRecognizer.h */,
				AA2FD1661B32B40A0000479C /* OBLongPressDragDropGestureRecognizer.m */,
				AA2FD1671B32B40A0000479C /* UIGestureRecognizer+OBDragDrop.h */,
				AA2FD1681B32B40A0000479C /* UIGestureRecognizer+OBDragDrop.m */,
				AA2FD1691B32B40A0000479C /* UIView+OBDropZone.h */,
				AA2FD16A1B32B40A0000479C /* UIView+OBDropZone.m */,
			);
			name = OBDragDrop;
			sourceTree = "<group>";
		};
		AA63B4C61B38518B0064C2D5 /* GhostEgg */ = {
			isa = PBXGroup;
			children = (
				AA2FD14A1B317E020000479C /* GhostEgg.swift */,
				AA2FD14B1B317E020000479C /* GhostEgg.xib */,
			);
			name = GhostEgg;
			sourceTree = "<group>";
		};
		AA63B4C71B3851A60064C2D5 /* Egg */ = {
			isa = PBXGroup;
			children = (
				AA9387431B2EF6F400B353EB /* RoundViewEgg.swift */,
				AA63B4CA1B38520A0064C2D5 /* RoundViewEgg.xib */,
			);
			name = Egg;
			sourceTree = "<group>";
		};
		AA63B4C81B3851AB0064C2D5 /* Nest */ = {
			isa = PBXGroup;
			children = (
				AA9387411B2EF66900B353EB /* RoundViewNest.swift */,
				AA63B4CC1B3852CD0064C2D5 /* RoundViewNest.xib */,
			);
			name = Nest;
			sourceTree = "<group>";
		};
		AA63B4C91B3851CC0064C2D5 /* Trash */ = {
			isa = PBXGroup;
			children = (
				AA63B4C41B38132E0064C2D5 /* RoundViewTrash.swift */,
				AA63B4CE1B3852DC0064C2D5 /* RoundViewTrash.xib */,
			);
			name = Trash;
			sourceTree = "<group>";
		};
		AA93870A1B2AF15200B353EB = {
			isa = PBXGroup;
			children = (
				AA9387151B2AF15200B353EB /* TSDragAndDrop */,
				AA93872E1B2AF15200B353EB /* TSDragAndDropTests */,
				AA9387141B2AF15200B353EB /* Products */,
			);
			sourceTree = "<group>";
		};
		AA9387141B2AF15200B353EB /* Products */ = {
			isa = PBXGroup;
			children = (
				AA9387131B2AF15200B353EB /* TSDragAndDrop.app */,
				AA93872B1B2AF15200B353EB /* TSDragAndDropTests.xctest */,
			);
			name = Products;
			sourceTree = "<group>";
		};
		AA9387151B2AF15200B353EB /* TSDragAndDrop */ = {
			isa = PBXGroup;
			children = (
				AA2FD1601B32B3FA0000479C /* OBDragDrop */,
				AA9387181B2AF15200B353EB /* AppDelegate.swift */,
				AA2FD1531B3191C50000479C /* Controllers */,
				AA2FD1521B3191BE0000479C /* Views */,
				AA2FD1541B3191F40000479C /* Other */,
				AA93874C1B31773D00B353EB /* TSDragAndDrop-Bridging-Header.h */,
				AA9387221B2AF15200B353EB /* Images.xcassets */,
				AA93871A1B2AF15200B353EB /* TSDragAndDrop.xcdatamodeld */,
				AA9387161B2AF15200B353EB /* Supporting Files */,
			);
			path = TSDragAndDrop;
			sourceTree = "<group>";
		};
		AA9387161B2AF15200B353EB /* Supporting Files */ = {
			isa = PBXGroup;
			children = (
				AA9387171B2AF15200B353EB /* Info.plist */,
			);
			name = "Supporting Files";
			sourceTree = "<group>";
		};
		AA93872E1B2AF15200B353EB /* TSDragAndDropTests */ = {
			isa = PBXGroup;
			children = (
				AA9387311B2AF15200B353EB /* TSDragAndDropTests.swift */,
				AA93872F1B2AF15200B353EB /* Supporting Files */,
			);
			path = TSDragAndDropTests;
			sourceTree = "<group>";
		};
		AA93872F1B2AF15200B353EB /* Supporting Files */ = {
			isa = PBXGroup;
			children = (
				AA9387301B2AF15200B353EB /* Info.plist */,
			);
			name = "Supporting Files";
			sourceTree = "<group>";
		};
		AA9387471B3041B900B353EB /* RoundView */ = {
			isa = PBXGroup;
			children = (
				AA2C0D221B39692B007281B9 /* RoundView.xib */,
				AA93873B1B2AF17200B353EB /* RoundView.swift */,
				AA63B4C71B3851A60064C2D5 /* Egg */,
				AA63B4C61B38518B0064C2D5 /* GhostEgg */,
				AA63B4C81B3851AB0064C2D5 /* Nest */,
				AA63B4C91B3851CC0064C2D5 /* Trash */,
			);
			name = RoundView;
			sourceTree = "<group>";
		};
/* End PBXGroup section */

/* Begin PBXNativeTarget section */
		AA9387121B2AF15200B353EB /* TSDragAndDrop */ = {
			isa = PBXNativeTarget;
			buildConfigurationList = AA9387351B2AF15200B353EB /* Build configuration list for PBXNativeTarget "TSDragAndDrop" */;
			buildPhases = (
				AA93870F1B2AF15200B353EB /* Sources */,
				AA9387101B2AF15200B353EB /* Frameworks */,
				AA9387111B2AF15200B353EB /* Resources */,
				AA63B5201B39565B0064C2D5 /* Embed Frameworks */,
			);
			buildRules = (
			);
			dependencies = (
			);
			name = TSDragAndDrop;
			productName = TSDragAndDrop;
			productReference = AA9387131B2AF15200B353EB /* TSDragAndDrop.app */;
			productType = "com.apple.product-type.application";
		};
		AA93872A1B2AF15200B353EB /* TSDragAndDropTests */ = {
			isa = PBXNativeTarget;
			buildConfigurationList = AA9387381B2AF15200B353EB /* Build configuration list for PBXNativeTarget "TSDragAndDropTests" */;
			buildPhases = (
				AA9387271B2AF15200B353EB /* Sources */,
				AA9387281B2AF15200B353EB /* Frameworks */,
				AA9387291B2AF15200B353EB /* Resources */,
			);
			buildRules = (
			);
			dependencies = (
				AA93872D1B2AF15200B353EB /* PBXTargetDependency */,
			);
			name = TSDragAndDropTests;
			productName = TSDragAndDropTests;
			productReference = AA93872B1B2AF15200B353EB /* TSDragAndDropTests.xctest */;
			productType = "com.apple.product-type.bundle.unit-test";
		};
/* End PBXNativeTarget section */

/* Begin PBXProject section */
		AA93870B1B2AF15200B353EB /* Project object */ = {
			isa = PBXProject;
			attributes = {
				LastUpgradeCheck = 0630;
				ORGANIZATIONNAME = "Igor Ponomarenko";
				TargetAttributes = {
					AA9387121B2AF15200B353EB = {
						CreatedOnToolsVersion = 6.3.2;
					};
					AA93872A1B2AF15200B353EB = {
						CreatedOnToolsVersion = 6.3.2;
						TestTargetID = AA9387121B2AF15200B353EB;
					};
				};
			};
			buildConfigurationList = AA93870E1B2AF15200B353EB /* Build configuration list for PBXProject "TSDragAndDrop" */;
			compatibilityVersion = "Xcode 3.2";
			developmentRegion = English;
			hasScannedForEncodings = 0;
			knownRegions = (
				en,
				Base,
			);
			mainGroup = AA93870A1B2AF15200B353EB;
			productRefGroup = AA9387141B2AF15200B353EB /* Products */;
			projectDirPath = "";
			projectRoot = "";
			targets = (
				AA9387121B2AF15200B353EB /* TSDragAndDrop */,
				AA93872A1B2AF15200B353EB /* TSDragAndDropTests */,
			);
		};
/* End PBXProject section */

/* Begin PBXResourcesBuildPhase section */
		AA9387111B2AF15200B353EB /* Resources */ = {
			isa = PBXResourcesBuildPhase;
			buildActionMask = 2147483647;
			files = (
				AA9387211B2AF15200B353EB /* Main.storyboard in Resources */,
				AA2C0D231B39692B007281B9 /* RoundView.xib in Resources */,
				AA2FD14D1B317E020000479C /* GhostEgg.xib in Resources */,
				AA9387261B2AF15200B353EB /* LaunchScreen.xib in Resources */,
				AA63B4CB1B38520A0064C2D5 /* RoundViewEgg.xib in Resources */,
				AA63B4CF1B3852DC0064C2D5 /* RoundViewTrash.xib in Resources */,
				AA2FD1591B3192BB0000479C /* EggTableViewCell.xib in Resources */,
				AA63B4CD1B3852CD0064C2D5 /* RoundViewNest.xib in Resources */,
				AA9387231B2AF15200B353EB /* Images.xcassets in Resources */,
			);
			runOnlyForDeploymentPostprocessing = 0;
		};
		AA9387291B2AF15200B353EB /* Resources */ = {
			isa = PBXResourcesBuildPhase;
			buildActionMask = 2147483647;
			files = (
			);
			runOnlyForDeploymentPostprocessing = 0;
		};
/* End PBXResourcesBuildPhase section */

/* Begin PBXSourcesBuildPhase section */
		AA93870F1B2AF15200B353EB /* Sources */ = {
			isa = PBXSourcesBuildPhase;
			buildActionMask = 2147483647;
			files = (
				AA93873E1B2EC18800B353EB /* Notifications.swift in Sources */,
				AA2FD15D1B3193CE0000479C /* MainViewController.swift in Sources */,
				AA9387401B2EC84400B353EB /* Extensions.swift in Sources */,
				AA9387461B302B5D00B353EB /* Utils.swift in Sources */,
				AA2FD14C1B317E020000479C /* GhostEgg.swift in Sources */,
				AA2FD16B1B32B40A0000479C /* OBDragDropManager.m in Sources */,
				AA9387441B2EF6F400B353EB /* RoundViewEgg.swift in Sources */,
				AA2FD16C1B32B40A0000479C /* OBLongPressDragDropGestureRecognizer.m in Sources */,
				AA2FD1581B3192BB0000479C /* EggTableViewCell.swift in Sources */,
				AA93871E1B2AF15200B353EB /* ViewController.swift in Sources */,
				AA93873C1B2AF17200B353EB /* RoundView.swift in Sources */,
				AA2FD16E1B32B40A0000479C /* UIView+OBDropZone.m in Sources */,
				AA9387421B2EF66900B353EB /* RoundViewNest.swift in Sources */,
				AA2FD15B1B3193B60000479C /* EggTableViewController.swift in Sources */,
				AA9387191B2AF15200B353EB /* AppDelegate.swift in Sources */,
				AA63B4C51B38132E0064C2D5 /* RoundViewTrash.swift in Sources */,
				AA2FD16D1B32B40A0000479C /* UIGestureRecognizer+OBDragDrop.m in Sources */,
				AA93871C1B2AF15200B353EB /* TSDragAndDrop.xcdatamodeld in Sources */,
			);
			runOnlyForDeploymentPostprocessing = 0;
		};
		AA9387271B2AF15200B353EB /* Sources */ = {
			isa = PBXSourcesBuildPhase;
			buildActionMask = 2147483647;
			files = (
				AA9387321B2AF15200B353EB /* TSDragAndDropTests.swift in Sources */,
			);
			runOnlyForDeploymentPostprocessing = 0;
		};
/* End PBXSourcesBuildPhase section */

/* Begin PBXTargetDependency section */
		AA93872D1B2AF15200B353EB /* PBXTargetDependency */ = {
			isa = PBXTargetDependency;
			target = AA9387121B2AF15200B353EB /* TSDragAndDrop */;
			targetProxy = AA93872C1B2AF15200B353EB /* PBXContainerItemProxy */;
		};
/* End PBXTargetDependency section */

/* Begin PBXVariantGroup section */
		AA93871F1B2AF15200B353EB /* Main.storyboard */ = {
			isa = PBXVariantGroup;
			children = (
				AA9387201B2AF15200B353EB /* Base */,
			);
			name = Main.storyboard;
			sourceTree = "<group>";
		};
		AA9387241B2AF15200B353EB /* LaunchScreen.xib */ = {
			isa = PBXVariantGroup;
			children = (
				AA9387251B2AF15200B353EB /* Base */,
			);
			name = LaunchScreen.xib;
			sourceTree = "<group>";
		};
/* End PBXVariantGroup section */

/* Begin XCBuildConfiguration section */
		AA9387331B2AF15200B353EB /* Debug */ = {
			isa = XCBuildConfiguration;
			buildSettings = {
				ALWAYS_SEARCH_USER_PATHS = NO;
				CLANG_CXX_LANGUAGE_STANDARD = "gnu++0x";
				CLANG_CXX_LIBRARY = "libc++";
				CLANG_ENABLE_MODULES = YES;
				CLANG_ENABLE_OBJC_ARC = YES;
				CLANG_WARN_BOOL_CONVERSION = YES;
				CLANG_WARN_CONSTANT_CONVERSION = YES;
				CLANG_WARN_DIRECT_OBJC_ISA_USAGE = YES_ERROR;
				CLANG_WARN_EMPTY_BODY = YES;
				CLANG_WARN_ENUM_CONVERSION = YES;
				CLANG_WARN_INT_CONVERSION = YES;
				CLANG_WARN_OBJC_ROOT_CLASS = YES_ERROR;
				CLANG_WARN_UNREACHABLE_CODE = YES;
				CLANG_WARN__DUPLICATE_METHOD_MATCH = YES;
				"CODE_SIGN_IDENTITY[sdk=iphoneos*]" = "iPhone Developer";
				COPY_PHASE_STRIP = NO;
				DEBUG_INFORMATION_FORMAT = "dwarf-with-dsym";
				ENABLE_STRICT_OBJC_MSGSEND = YES;
				GCC_C_LANGUAGE_STANDARD = gnu99;
				GCC_DYNAMIC_NO_PIC = NO;
				GCC_NO_COMMON_BLOCKS = YES;
				GCC_OPTIMIZATION_LEVEL = 0;
				GCC_PREPROCESSOR_DEFINITIONS = (
					"DEBUG=1",
					"$(inherited)",
				);
				GCC_SYMBOLS_PRIVATE_EXTERN = NO;
				GCC_WARN_64_TO_32_BIT_CONVERSION = YES;
				GCC_WARN_ABOUT_RETURN_TYPE = YES_ERROR;
				GCC_WARN_UNDECLARED_SELECTOR = YES;
				GCC_WARN_UNINITIALIZED_AUTOS = YES_AGGRESSIVE;
				GCC_WARN_UNUSED_FUNCTION = YES;
				GCC_WARN_UNUSED_VARIABLE = YES;
				IPHONEOS_DEPLOYMENT_TARGET = 8.3;
				MTL_ENABLE_DEBUG_INFO = YES;
				ONLY_ACTIVE_ARCH = YES;
				SDKROOT = iphoneos;
				SWIFT_OPTIMIZATION_LEVEL = "-Onone";
				TARGETED_DEVICE_FAMILY = "1,2";
			};
			name = Debug;
		};
		AA9387341B2AF15200B353EB /* Release */ = {
			isa = XCBuildConfiguration;
			buildSettings = {
				ALWAYS_SEARCH_USER_PATHS = NO;
				CLANG_CXX_LANGUAGE_STANDARD = "gnu++0x";
				CLANG_CXX_LIBRARY = "libc++";
				CLANG_ENABLE_MODULES = YES;
				CLANG_ENABLE_OBJC_ARC = YES;
				CLANG_WARN_BOOL_CONVERSION = YES;
				CLANG_WARN_CONSTANT_CONVERSION = YES;
				CLANG_WARN_DIRECT_OBJC_ISA_USAGE = YES_ERROR;
				CLANG_WARN_EMPTY_BODY = YES;
				CLANG_WARN_ENUM_CONVERSION = YES;
				CLANG_WARN_INT_CONVERSION = YES;
				CLANG_WARN_OBJC_ROOT_CLASS = YES_ERROR;
				CLANG_WARN_UNREACHABLE_CODE = YES;
				CLANG_WARN__DUPLICATE_METHOD_MATCH = YES;
				"CODE_SIGN_IDENTITY[sdk=iphoneos*]" = "iPhone Developer";
				COPY_PHASE_STRIP = NO;
				DEBUG_INFORMATION_FORMAT = "dwarf-with-dsym";
				ENABLE_NS_ASSERTIONS = NO;
				ENABLE_STRICT_OBJC_MSGSEND = YES;
				GCC_C_LANGUAGE_STANDARD = gnu99;
				GCC_NO_COMMON_BLOCKS = YES;
				GCC_WARN_64_TO_32_BIT_CONVERSION = YES;
				GCC_WARN_ABOUT_RETURN_TYPE = YES_ERROR;
				GCC_WARN_UNDECLARED_SELECTOR = YES;
				GCC_WARN_UNINITIALIZED_AUTOS = YES_AGGRESSIVE;
				GCC_WARN_UNUSED_FUNCTION = YES;
				GCC_WARN_UNUSED_VARIABLE = YES;
				IPHONEOS_DEPLOYMENT_TARGET = 8.3;
				MTL_ENABLE_DEBUG_INFO = NO;
				SDKROOT = iphoneos;
				TARGETED_DEVICE_FAMILY = "1,2";
				VALIDATE_PRODUCT = YES;
			};
			name = Release;
		};
		AA9387361B2AF15200B353EB /* Debug */ = {
			isa = XCBuildConfiguration;
			buildSettings = {
				ASSETCATALOG_COMPILER_APPICON_NAME = AppIcon;
				CLANG_ENABLE_MODULES = YES;
				INFOPLIST_FILE = TSDragAndDrop/Info.plist;
				IPHONEOS_DEPLOYMENT_TARGET = 8.2;
				LD_RUNPATH_SEARCH_PATHS = "$(inherited) @executable_path/Frameworks";
				PRODUCT_NAME = "$(TARGET_NAME)";
				SWIFT_OBJC_BRIDGING_HEADER = "TSDragAndDrop/TSDragAndDrop-Bridging-Header.h";
				SWIFT_OPTIMIZATION_LEVEL = "-Onone";
			};
			name = Debug;
		};
		AA9387371B2AF15200B353EB /* Release */ = {
			isa = XCBuildConfiguration;
			buildSettings = {
				ASSETCATALOG_COMPILER_APPICON_NAME = AppIcon;
				CLANG_ENABLE_MODULES = YES;
				INFOPLIST_FILE = TSDragAndDrop/Info.plist;
				IPHONEOS_DEPLOYMENT_TARGET = 8.2;
				LD_RUNPATH_SEARCH_PATHS = "$(inherited) @executable_path/Frameworks";
				PRODUCT_NAME = "$(TARGET_NAME)";
				SWIFT_OBJC_BRIDGING_HEADER = "TSDragAndDrop/TSDragAndDrop-Bridging-Header.h";
			};
			name = Release;
		};
		AA9387391B2AF15200B353EB /* Debug */ = {
			isa = XCBuildConfiguration;
			buildSettings = {
				BUNDLE_LOADER = "$(TEST_HOST)";
				FRAMEWORK_SEARCH_PATHS = (
					"$(SDKROOT)/Developer/Library/Frameworks",
					"$(inherited)",
				);
				GCC_PREPROCESSOR_DEFINITIONS = (
					"DEBUG=1",
					"$(inherited)",
				);
				INFOPLIST_FILE = TSDragAndDropTests/Info.plist;
				LD_RUNPATH_SEARCH_PATHS = "$(inherited) @executable_path/Frameworks @loader_path/Frameworks";
				PRODUCT_NAME = "$(TARGET_NAME)";
				TEST_HOST = "$(BUILT_PRODUCTS_DIR)/TSDragAndDrop.app/TSDragAndDrop";
			};
			name = Debug;
		};
		AA93873A1B2AF15200B353EB /* Release */ = {
			isa = XCBuildConfiguration;
			buildSettings = {
				BUNDLE_LOADER = "$(TEST_HOST)";
				FRAMEWORK_SEARCH_PATHS = (
					"$(SDKROOT)/Developer/Library/Frameworks",
					"$(inherited)",
				);
				INFOPLIST_FILE = TSDragAndDropTests/Info.plist;
				LD_RUNPATH_SEARCH_PATHS = "$(inherited) @executable_path/Frameworks @loader_path/Frameworks";
				PRODUCT_NAME = "$(TARGET_NAME)";
				TEST_HOST = "$(BUILT_PRODUCTS_DIR)/TSDragAndDrop.app/TSDragAndDrop";
			};
			name = Release;
		};
/* End XCBuildConfiguration section */

/* Begin XCConfigurationList section */
		AA93870E1B2AF15200B353EB /* Build configuration list for PBXProject "TSDragAndDrop" */ = {
			isa = XCConfigurationList;
			buildConfigurations = (
				AA9387331B2AF15200B353EB /* Debug */,
				AA9387341B2AF15200B353EB /* Release */,
			);
			defaultConfigurationIsVisible = 0;
			defaultConfigurationName = Release;
		};
		AA9387351B2AF15200B353EB /* Build configuration list for PBXNativeTarget "TSDragAndDrop" */ = {
			isa = XCConfigurationList;
			buildConfigurations = (
				AA9387361B2AF15200B353EB /* Debug */,
				AA9387371B2AF15200B353EB /* Release */,
			);
			defaultConfigurationIsVisible = 0;
			defaultConfigurationName = Release;
		};
		AA9387381B2AF15200B353EB /* Build configuration list for PBXNativeTarget "TSDragAndDropTests" */ = {
			isa = XCConfigurationList;
			buildConfigurations = (
				AA9387391B2AF15200B353EB /* Debug */,
				AA93873A1B2AF15200B353EB /* Release */,
			);
			defaultConfigurationIsVisible = 0;
			defaultConfigurationName = Release;
		};
/* End XCConfigurationList section */

/* Begin XCVersionGroup section */
		AA93871A1B2AF15200B353EB /* TSDragAndDrop.xcdatamodeld */ = {
			isa = XCVersionGroup;
			children = (
				AA93871B1B2AF15200B353EB /* TSDragAndDrop.xcdatamodel */,
			);
			currentVersion = AA93871B1B2AF15200B353EB /* TSDragAndDrop.xcdatamodel */;
			path = TSDragAndDrop.xcdatamodeld;
			sourceTree = "<group>";
			versionGroupType = wrapper.xcdatamodel;
		};
/* End XCVersionGroup section */
	};
	rootObject = AA93870B1B2AF15200B353EB /* Project object */;
}
